// !$*UTF8*$!
{
	archiveVersion = 1;
	classes = {
	};
	objectVersion = 51;
	objects = {

/* Begin PBXBuildFile section */
		378E3C63234C9A9000D867A7 /* SwiftShare.framework in Frameworks */ = {isa = PBXBuildFile; fileRef = 378E3C59234C9A9000D867A7 /* SwiftShare.framework */; };
		378E3C68234C9A9000D867A7 /* SwiftShareTests.swift in Sources */ = {isa = PBXBuildFile; fileRef = 378E3C67234C9A9000D867A7 /* SwiftShareTests.swift */; };
		378E3C6A234C9A9000D867A7 /* SwiftShare.h in Headers */ = {isa = PBXBuildFile; fileRef = 378E3C5C234C9A9000D867A7 /* SwiftShare.h */; settings = {ATTRIBUTES = (Public, ); }; };
		378E3C74234C9BBB00D867A7 /* AppDataError.swift in Sources */ = {isa = PBXBuildFile; fileRef = 378E3C73234C9BBB00D867A7 /* AppDataError.swift */; };
		378E3CD2234C9FBB00D867A7 /* SwiftShare.podspec in Resources */ = {isa = PBXBuildFile; fileRef = 378E3CD1234C9FBB00D867A7 /* SwiftShare.podspec */; };
		378E3CD4234C9FC500D867A7 /* Podfile in Resources */ = {isa = PBXBuildFile; fileRef = 378E3CD3234C9FC500D867A7 /* Podfile */; };
		378E3CD6234CA84500D867A7 /* UtilityLogging.swift in Sources */ = {isa = PBXBuildFile; fileRef = 378E3CD5234CA84500D867A7 /* UtilityLogging.swift */; };
		379B7E0C234CB00E00C57DCA /* README.md in Resources */ = {isa = PBXBuildFile; fileRef = 379B7E0B234CB00E00C57DCA /* README.md */; };
		379B7E0E234D00C700C57DCA /* ChangeType.swift in Sources */ = {isa = PBXBuildFile; fileRef = 379B7E0D234D00C700C57DCA /* ChangeType.swift */; };
		379B7E10234D00FB00C57DCA /* HTTPStatusCodes.swift in Sources */ = {isa = PBXBuildFile; fileRef = 379B7E0F234D00FB00C57DCA /* HTTPStatusCodes.swift */; };
		379B7E12234D014E00C57DCA /* Storage.swift in Sources */ = {isa = PBXBuildFile; fileRef = 379B7E11234D014E00C57DCA /* Storage.swift */; };
		379B7E14234D017B00C57DCA /* CacheBaseManager.swift in Sources */ = {isa = PBXBuildFile; fileRef = 379B7E13234D017A00C57DCA /* CacheBaseManager.swift */; };
		379B7E16234D01F100C57DCA /* KeychainPasswordItem.swift in Sources */ = {isa = PBXBuildFile; fileRef = 379B7E15234D01F100C57DCA /* KeychainPasswordItem.swift */; };
		379B7E18234D025500C57DCA /* KeychainConfiguration.swift in Sources */ = {isa = PBXBuildFile; fileRef = 379B7E17234D025500C57DCA /* KeychainConfiguration.swift */; };
		379B7E1A234D036000C57DCA /* NetworkBaseManager.swift in Sources */ = {isa = PBXBuildFile; fileRef = 379B7E19234D036000C57DCA /* NetworkBaseManager.swift */; };
		379B7E1C234D039200C57DCA /* NetworkReachabilityAlerter.swift in Sources */ = {isa = PBXBuildFile; fileRef = 379B7E1B234D039200C57DCA /* NetworkReachabilityAlerter.swift */; };
		379B7E1F234D042800C57DCA /* UIViewController+.swift in Sources */ = {isa = PBXBuildFile; fileRef = 379B7E1E234D042800C57DCA /* UIViewController+.swift */; };
		379B7E22234D04AD00C57DCA /* SimpleBaseViewController.swift in Sources */ = {isa = PBXBuildFile; fileRef = 379B7E21234D04AD00C57DCA /* SimpleBaseViewController.swift */; };
		379B7E24234D062D00C57DCA /* MonthYearPickerViewController.swift in Sources */ = {isa = PBXBuildFile; fileRef = 379B7E23234D062D00C57DCA /* MonthYearPickerViewController.swift */; };
		379B7E26234D07BA00C57DCA /* SimpleTextViewController.swift in Sources */ = {isa = PBXBuildFile; fileRef = 379B7E25234D07BA00C57DCA /* SimpleTextViewController.swift */; };
		379B7E29234D084000C57DCA /* VerticallyCenteredTextView.swift in Sources */ = {isa = PBXBuildFile; fileRef = 379B7E28234D084000C57DCA /* VerticallyCenteredTextView.swift */; };
		379B7E2B234D090D00C57DCA /* SimpleWebViewController.swift in Sources */ = {isa = PBXBuildFile; fileRef = 379B7E2A234D090D00C57DCA /* SimpleWebViewController.swift */; };
		379B7E2D234D093300C57DCA /* SlideMenuViewController.swift in Sources */ = {isa = PBXBuildFile; fileRef = 379B7E2C234D093300C57DCA /* SlideMenuViewController.swift */; };
		379B7E2F234D0A1700C57DCA /* UIContentSizeCategory+.swift in Sources */ = {isa = PBXBuildFile; fileRef = 379B7E2E234D0A1700C57DCA /* UIContentSizeCategory+.swift */; };
		379B7E31234D0A4B00C57DCA /* UIImage+.swift in Sources */ = {isa = PBXBuildFile; fileRef = 379B7E30234D0A4B00C57DCA /* UIImage+.swift */; };
		379B7E33234D0A7400C57DCA /* UITextField+.swift in Sources */ = {isa = PBXBuildFile; fileRef = 379B7E32234D0A7400C57DCA /* UITextField+.swift */; };
		379B7E35234D0A9B00C57DCA /* UIView+.swift in Sources */ = {isa = PBXBuildFile; fileRef = 379B7E34234D0A9B00C57DCA /* UIView+.swift */; };
		379B7E37234D0ACC00C57DCA /* UNNotificationAttachment+.swift in Sources */ = {isa = PBXBuildFile; fileRef = 379B7E36234D0ACC00C57DCA /* UNNotificationAttachment+.swift */; };
		379B7E39234D0B0100C57DCA /* UtilityExtensions.swift in Sources */ = {isa = PBXBuildFile; fileRef = 379B7E38234D0B0100C57DCA /* UtilityExtensions.swift */; };
		379B7E3B234D0C6B00C57DCA /* UtilityToolkit.swift in Sources */ = {isa = PBXBuildFile; fileRef = 379B7E3A234D0C6B00C57DCA /* UtilityToolkit.swift */; };
		379B7E3D234D0C9C00C57DCA /* ScrollableInputHandler.swift in Sources */ = {isa = PBXBuildFile; fileRef = 379B7E3C234D0C9C00C57DCA /* ScrollableInputHandler.swift */; };
		379B7E3F234D0D1700C57DCA /* PostComposer.swift in Sources */ = {isa = PBXBuildFile; fileRef = 379B7E3E234D0D1700C57DCA /* PostComposer.swift */; };
		379B7E41234D0DAB00C57DCA /* SegueGoLeftToRight.swift in Sources */ = {isa = PBXBuildFile; fileRef = 379B7E40234D0DAB00C57DCA /* SegueGoLeftToRight.swift */; };
		379B7E43234D0DEB00C57DCA /* UICollectionViewLeftAlignedFlowLayout.swift in Sources */ = {isa = PBXBuildFile; fileRef = 379B7E42234D0DEB00C57DCA /* UICollectionViewLeftAlignedFlowLayout.swift */; };
		379B7E46234D0F0000C57DCA /* VersionStatus.swift in Sources */ = {isa = PBXBuildFile; fileRef = 379B7E45234D0F0000C57DCA /* VersionStatus.swift */; };
		379B7E48234D0F2000C57DCA /* UpdateOverlay.swift in Sources */ = {isa = PBXBuildFile; fileRef = 379B7E47234D0F2000C57DCA /* UpdateOverlay.swift */; };
		379B7E4A234D0F5900C57DCA /* AppVersionChecker.swift in Sources */ = {isa = PBXBuildFile; fileRef = 379B7E49234D0F5900C57DCA /* AppVersionChecker.swift */; };
		379B7E4C234D0F7700C57DCA /* VersionData.swift in Sources */ = {isa = PBXBuildFile; fileRef = 379B7E4B234D0F7700C57DCA /* VersionData.swift */; };
		B0635C55351D87CA8D61A03B /* Pods_SwiftShare.framework in Frameworks */ = {isa = PBXBuildFile; fileRef = F9DB39692407B7697622B31E /* Pods_SwiftShare.framework */; };
		E8543E4B0C31E6E06FAB3853 /* Pods_SwiftShare_SwiftShareTests.framework in Frameworks */ = {isa = PBXBuildFile; fileRef = D7D29C57FFE9BAE92C7E6A36 /* Pods_SwiftShare_SwiftShareTests.framework */; };
/* End PBXBuildFile section */

/* Begin PBXContainerItemProxy section */
		378E3C64234C9A9000D867A7 /* PBXContainerItemProxy */ = {
			isa = PBXContainerItemProxy;
			containerPortal = 378E3C50234C9A9000D867A7 /* Project object */;
			proxyType = 1;
			remoteGlobalIDString = 378E3C58234C9A9000D867A7;
			remoteInfo = SwiftShare;
		};
/* End PBXContainerItemProxy section */

/* Begin PBXFileReference section */
		378E3C59234C9A9000D867A7 /* SwiftShare.framework */ = {isa = PBXFileReference; explicitFileType = wrapper.framework; includeInIndex = 0; path = SwiftShare.framework; sourceTree = BUILT_PRODUCTS_DIR; };
		378E3C5C234C9A9000D867A7 /* SwiftShare.h */ = {isa = PBXFileReference; lastKnownFileType = sourcecode.c.h; path = SwiftShare.h; sourceTree = "<group>"; };
		378E3C5D234C9A9000D867A7 /* Info.plist */ = {isa = PBXFileReference; lastKnownFileType = text.plist.xml; path = Info.plist; sourceTree = "<group>"; };
		378E3C62234C9A9000D867A7 /* SwiftShareTests.xctest */ = {isa = PBXFileReference; explicitFileType = wrapper.cfbundle; includeInIndex = 0; path = SwiftShareTests.xctest; sourceTree = BUILT_PRODUCTS_DIR; };
		378E3C67234C9A9000D867A7 /* SwiftShareTests.swift */ = {isa = PBXFileReference; lastKnownFileType = sourcecode.swift; path = SwiftShareTests.swift; sourceTree = "<group>"; };
		378E3C69234C9A9000D867A7 /* Info.plist */ = {isa = PBXFileReference; lastKnownFileType = text.plist.xml; path = Info.plist; sourceTree = "<group>"; };
		378E3C73234C9BBB00D867A7 /* AppDataError.swift */ = {isa = PBXFileReference; lastKnownFileType = sourcecode.swift; path = AppDataError.swift; sourceTree = "<group>"; };
		378E3CD1234C9FBB00D867A7 /* SwiftShare.podspec */ = {isa = PBXFileReference; fileEncoding = 4; lastKnownFileType = text; path = SwiftShare.podspec; sourceTree = "<group>"; };
		378E3CD3234C9FC500D867A7 /* Podfile */ = {isa = PBXFileReference; fileEncoding = 4; lastKnownFileType = text; path = Podfile; sourceTree = "<group>"; xcLanguageSpecificationIdentifier = xcode.lang.ruby; };
		378E3CD5234CA84500D867A7 /* UtilityLogging.swift */ = {isa = PBXFileReference; lastKnownFileType = sourcecode.swift; path = UtilityLogging.swift; sourceTree = "<group>"; };
		379B7E0B234CB00E00C57DCA /* README.md */ = {isa = PBXFileReference; fileEncoding = 4; lastKnownFileType = net.daringfireball.markdown; path = README.md; sourceTree = "<group>"; };
		379B7E0D234D00C700C57DCA /* ChangeType.swift */ = {isa = PBXFileReference; lastKnownFileType = sourcecode.swift; path = ChangeType.swift; sourceTree = "<group>"; };
		379B7E0F234D00FB00C57DCA /* HTTPStatusCodes.swift */ = {isa = PBXFileReference; lastKnownFileType = sourcecode.swift; path = HTTPStatusCodes.swift; sourceTree = "<group>"; };
		379B7E11234D014E00C57DCA /* Storage.swift */ = {isa = PBXFileReference; lastKnownFileType = sourcecode.swift; path = Storage.swift; sourceTree = "<group>"; };
		379B7E13234D017A00C57DCA /* CacheBaseManager.swift */ = {isa = PBXFileReference; lastKnownFileType = sourcecode.swift; path = CacheBaseManager.swift; sourceTree = "<group>"; };
		379B7E15234D01F100C57DCA /* KeychainPasswordItem.swift */ = {isa = PBXFileReference; lastKnownFileType = sourcecode.swift; path = KeychainPasswordItem.swift; sourceTree = "<group>"; };
		379B7E17234D025500C57DCA /* KeychainConfiguration.swift */ = {isa = PBXFileReference; lastKnownFileType = sourcecode.swift; path = KeychainConfiguration.swift; sourceTree = "<group>"; };
		379B7E19234D036000C57DCA /* NetworkBaseManager.swift */ = {isa = PBXFileReference; lastKnownFileType = sourcecode.swift; path = NetworkBaseManager.swift; sourceTree = "<group>"; };
		379B7E1B234D039200C57DCA /* NetworkReachabilityAlerter.swift */ = {isa = PBXFileReference; lastKnownFileType = sourcecode.swift; path = NetworkReachabilityAlerter.swift; sourceTree = "<group>"; };
		379B7E1E234D042800C57DCA /* UIViewController+.swift */ = {isa = PBXFileReference; lastKnownFileType = sourcecode.swift; path = "UIViewController+.swift"; sourceTree = "<group>"; };
		379B7E21234D04AD00C57DCA /* SimpleBaseViewController.swift */ = {isa = PBXFileReference; lastKnownFileType = sourcecode.swift; path = SimpleBaseViewController.swift; sourceTree = "<group>"; };
		379B7E23234D062D00C57DCA /* MonthYearPickerViewController.swift */ = {isa = PBXFileReference; lastKnownFileType = sourcecode.swift; path = MonthYearPickerViewController.swift; sourceTree = "<group>"; };
		379B7E25234D07BA00C57DCA /* SimpleTextViewController.swift */ = {isa = PBXFileReference; lastKnownFileType = sourcecode.swift; path = SimpleTextViewController.swift; sourceTree = "<group>"; };
		379B7E28234D084000C57DCA /* VerticallyCenteredTextView.swift */ = {isa = PBXFileReference; lastKnownFileType = sourcecode.swift; path = VerticallyCenteredTextView.swift; sourceTree = "<group>"; };
		379B7E2A234D090D00C57DCA /* SimpleWebViewController.swift */ = {isa = PBXFileReference; lastKnownFileType = sourcecode.swift; path = SimpleWebViewController.swift; sourceTree = "<group>"; };
		379B7E2C234D093300C57DCA /* SlideMenuViewController.swift */ = {isa = PBXFileReference; lastKnownFileType = sourcecode.swift; path = SlideMenuViewController.swift; sourceTree = "<group>"; };
		379B7E2E234D0A1700C57DCA /* UIContentSizeCategory+.swift */ = {isa = PBXFileReference; lastKnownFileType = sourcecode.swift; path = "UIContentSizeCategory+.swift"; sourceTree = "<group>"; };
		379B7E30234D0A4B00C57DCA /* UIImage+.swift */ = {isa = PBXFileReference; lastKnownFileType = sourcecode.swift; path = "UIImage+.swift"; sourceTree = "<group>"; };
		379B7E32234D0A7400C57DCA /* UITextField+.swift */ = {isa = PBXFileReference; lastKnownFileType = sourcecode.swift; path = "UITextField+.swift"; sourceTree = "<group>"; };
		379B7E34234D0A9B00C57DCA /* UIView+.swift */ = {isa = PBXFileReference; lastKnownFileType = sourcecode.swift; path = "UIView+.swift"; sourceTree = "<group>"; };
		379B7E36234D0ACC00C57DCA /* UNNotificationAttachment+.swift */ = {isa = PBXFileReference; lastKnownFileType = sourcecode.swift; path = "UNNotificationAttachment+.swift"; sourceTree = "<group>"; };
		379B7E38234D0B0100C57DCA /* UtilityExtensions.swift */ = {isa = PBXFileReference; lastKnownFileType = sourcecode.swift; path = UtilityExtensions.swift; sourceTree = "<group>"; };
		379B7E3A234D0C6B00C57DCA /* UtilityToolkit.swift */ = {isa = PBXFileReference; lastKnownFileType = sourcecode.swift; path = UtilityToolkit.swift; sourceTree = "<group>"; };
		379B7E3C234D0C9C00C57DCA /* ScrollableInputHandler.swift */ = {isa = PBXFileReference; lastKnownFileType = sourcecode.swift; path = ScrollableInputHandler.swift; sourceTree = "<group>"; };
		379B7E3E234D0D1700C57DCA /* PostComposer.swift */ = {isa = PBXFileReference; lastKnownFileType = sourcecode.swift; path = PostComposer.swift; sourceTree = "<group>"; };
		379B7E40234D0DAB00C57DCA /* SegueGoLeftToRight.swift */ = {isa = PBXFileReference; lastKnownFileType = sourcecode.swift; path = SegueGoLeftToRight.swift; sourceTree = "<group>"; };
		379B7E42234D0DEB00C57DCA /* UICollectionViewLeftAlignedFlowLayout.swift */ = {isa = PBXFileReference; lastKnownFileType = sourcecode.swift; path = UICollectionViewLeftAlignedFlowLayout.swift; sourceTree = "<group>"; };
		379B7E45234D0F0000C57DCA /* VersionStatus.swift */ = {isa = PBXFileReference; lastKnownFileType = sourcecode.swift; path = VersionStatus.swift; sourceTree = "<group>"; };
		379B7E47234D0F2000C57DCA /* UpdateOverlay.swift */ = {isa = PBXFileReference; lastKnownFileType = sourcecode.swift; path = UpdateOverlay.swift; sourceTree = "<group>"; };
		379B7E49234D0F5900C57DCA /* AppVersionChecker.swift */ = {isa = PBXFileReference; lastKnownFileType = sourcecode.swift; path = AppVersionChecker.swift; sourceTree = "<group>"; };
		379B7E4B234D0F7700C57DCA /* VersionData.swift */ = {isa = PBXFileReference; lastKnownFileType = sourcecode.swift; path = VersionData.swift; sourceTree = "<group>"; };
		4194FBD65DDB5C3D4D46DA64 /* Pods-SwiftShare-SwiftShareTests.debug.xcconfig */ = {isa = PBXFileReference; includeInIndex = 1; lastKnownFileType = text.xcconfig; name = "Pods-SwiftShare-SwiftShareTests.debug.xcconfig"; path = "Target Support Files/Pods-SwiftShare-SwiftShareTests/Pods-SwiftShare-SwiftShareTests.debug.xcconfig"; sourceTree = "<group>"; };
		510C6783F547C8B0B02BBFF3 /* Pods-SwiftShare-SwiftShareTests.release.xcconfig */ = {isa = PBXFileReference; includeInIndex = 1; lastKnownFileType = text.xcconfig; name = "Pods-SwiftShare-SwiftShareTests.release.xcconfig"; path = "Target Support Files/Pods-SwiftShare-SwiftShareTests/Pods-SwiftShare-SwiftShareTests.release.xcconfig"; sourceTree = "<group>"; };
		55FDE00E019DFA6CC3974219 /* Pods-SwiftShare.debug.xcconfig */ = {isa = PBXFileReference; includeInIndex = 1; lastKnownFileType = text.xcconfig; name = "Pods-SwiftShare.debug.xcconfig"; path = "Target Support Files/Pods-SwiftShare/Pods-SwiftShare.debug.xcconfig"; sourceTree = "<group>"; };
		98AD91BD123CA7356D7F30B7 /* Pods-SwiftShare.release.xcconfig */ = {isa = PBXFileReference; includeInIndex = 1; lastKnownFileType = text.xcconfig; name = "Pods-SwiftShare.release.xcconfig"; path = "Target Support Files/Pods-SwiftShare/Pods-SwiftShare.release.xcconfig"; sourceTree = "<group>"; };
		D7D29C57FFE9BAE92C7E6A36 /* Pods_SwiftShare_SwiftShareTests.framework */ = {isa = PBXFileReference; explicitFileType = wrapper.framework; includeInIndex = 0; path = Pods_SwiftShare_SwiftShareTests.framework; sourceTree = BUILT_PRODUCTS_DIR; };
		F9DB39692407B7697622B31E /* Pods_SwiftShare.framework */ = {isa = PBXFileReference; explicitFileType = wrapper.framework; includeInIndex = 0; path = Pods_SwiftShare.framework; sourceTree = BUILT_PRODUCTS_DIR; };
/* End PBXFileReference section */

/* Begin PBXFrameworksBuildPhase section */
		378E3C56234C9A9000D867A7 /* Frameworks */ = {
			isa = PBXFrameworksBuildPhase;
			buildActionMask = 2147483647;
			files = (
				B0635C55351D87CA8D61A03B /* Pods_SwiftShare.framework in Frameworks */,
			);
			runOnlyForDeploymentPostprocessing = 0;
		};
		378E3C5F234C9A9000D867A7 /* Frameworks */ = {
			isa = PBXFrameworksBuildPhase;
			buildActionMask = 2147483647;
			files = (
				378E3C63234C9A9000D867A7 /* SwiftShare.framework in Frameworks */,
				E8543E4B0C31E6E06FAB3853 /* Pods_SwiftShare_SwiftShareTests.framework in Frameworks */,
			);
			runOnlyForDeploymentPostprocessing = 0;
		};
/* End PBXFrameworksBuildPhase section */

/* Begin PBXGroup section */
		05CC3473DC2F0711748B9B35 /* Pods */ = {
			isa = PBXGroup;
			children = (
				55FDE00E019DFA6CC3974219 /* Pods-SwiftShare.debug.xcconfig */,
				98AD91BD123CA7356D7F30B7 /* Pods-SwiftShare.release.xcconfig */,
				4194FBD65DDB5C3D4D46DA64 /* Pods-SwiftShare-SwiftShareTests.debug.xcconfig */,
				510C6783F547C8B0B02BBFF3 /* Pods-SwiftShare-SwiftShareTests.release.xcconfig */,
			);
			path = Pods;
			sourceTree = "<group>";
		};
		378E3C4F234C9A9000D867A7 = {
			isa = PBXGroup;
			children = (
				379B7E0B234CB00E00C57DCA /* README.md */,
				378E3CD3234C9FC500D867A7 /* Podfile */,
				378E3CD1234C9FBB00D867A7 /* SwiftShare.podspec */,
				378E3C5B234C9A9000D867A7 /* SwiftShare */,
				378E3C66234C9A9000D867A7 /* SwiftShareTests */,
				378E3C5A234C9A9000D867A7 /* Products */,
				05CC3473DC2F0711748B9B35 /* Pods */,
				C4C195BE5F63F0BE23CD2358 /* Frameworks */,
			);
			sourceTree = "<group>";
		};
		378E3C5A234C9A9000D867A7 /* Products */ = {
			isa = PBXGroup;
			children = (
				378E3C59234C9A9000D867A7 /* SwiftShare.framework */,
				378E3C62234C9A9000D867A7 /* SwiftShareTests.xctest */,
			);
			name = Products;
			sourceTree = "<group>";
		};
		378E3C5B234C9A9000D867A7 /* SwiftShare */ = {
			isa = PBXGroup;
			children = (
				379B7E44234D0EEC00C57DCA /* AppVersionChecker */,
				379B7E1D234D040E00C57DCA /* Extensions */,
				379B7E27234D080F00C57DCA /* UI */,
				379B7E20234D048E00C57DCA /* ViewControllers */,
				378E3C73234C9BBB00D867A7 /* AppDataError.swift */,
				379B7E0D234D00C700C57DCA /* ChangeType.swift */,
				379B7E0F234D00FB00C57DCA /* HTTPStatusCodes.swift */,
				379B7E11234D014E00C57DCA /* Storage.swift */,
				379B7E13234D017A00C57DCA /* CacheBaseManager.swift */,
				379B7E15234D01F100C57DCA /* KeychainPasswordItem.swift */,
				379B7E17234D025500C57DCA /* KeychainConfiguration.swift */,
				379B7E19234D036000C57DCA /* NetworkBaseManager.swift */,
				379B7E1B234D039200C57DCA /* NetworkReachabilityAlerter.swift */,
				378E3CD5234CA84500D867A7 /* UtilityLogging.swift */,
				378E3C5C234C9A9000D867A7 /* SwiftShare.h */,
				378E3C5D234C9A9000D867A7 /* Info.plist */,
			);
			path = SwiftShare;
			sourceTree = "<group>";
		};
		378E3C66234C9A9000D867A7 /* SwiftShareTests */ = {
			isa = PBXGroup;
			children = (
				378E3C67234C9A9000D867A7 /* SwiftShareTests.swift */,
				378E3C69234C9A9000D867A7 /* Info.plist */,
			);
			path = SwiftShareTests;
			sourceTree = "<group>";
		};
		379B7E1D234D040E00C57DCA /* Extensions */ = {
			isa = PBXGroup;
			children = (
				379B7E2E234D0A1700C57DCA /* UIContentSizeCategory+.swift */,
				379B7E30234D0A4B00C57DCA /* UIImage+.swift */,
				379B7E32234D0A7400C57DCA /* UITextField+.swift */,
				379B7E34234D0A9B00C57DCA /* UIView+.swift */,
				379B7E1E234D042800C57DCA /* UIViewController+.swift */,
				379B7E36234D0ACC00C57DCA /* UNNotificationAttachment+.swift */,
				379B7E38234D0B0100C57DCA /* UtilityExtensions.swift */,
			);
			path = Extensions;
			sourceTree = "<group>";
		};
		379B7E20234D048E00C57DCA /* ViewControllers */ = {
			isa = PBXGroup;
			children = (
				379B7E23234D062D00C57DCA /* MonthYearPickerViewController.swift */,
				379B7E21234D04AD00C57DCA /* SimpleBaseViewController.swift */,
				379B7E25234D07BA00C57DCA /* SimpleTextViewController.swift */,
				379B7E2A234D090D00C57DCA /* SimpleWebViewController.swift */,
				379B7E2C234D093300C57DCA /* SlideMenuViewController.swift */,
			);
			path = ViewControllers;
			sourceTree = "<group>";
		};
		379B7E27234D080F00C57DCA /* UI */ = {
			isa = PBXGroup;
			children = (
				379B7E3E234D0D1700C57DCA /* PostComposer.swift */,
				379B7E3C234D0C9C00C57DCA /* ScrollableInputHandler.swift */,
				379B7E40234D0DAB00C57DCA /* SegueGoLeftToRight.swift */,
				379B7E42234D0DEB00C57DCA /* UICollectionViewLeftAlignedFlowLayout.swift */,
				379B7E28234D084000C57DCA /* VerticallyCenteredTextView.swift */,
				379B7E3A234D0C6B00C57DCA /* UtilityToolkit.swift */,
			);
			path = UI;
			sourceTree = "<group>";
		};
		379B7E44234D0EEC00C57DCA /* AppVersionChecker */ = {
			isa = PBXGroup;
			children = (
				379B7E49234D0F5900C57DCA /* AppVersionChecker.swift */,
				379B7E47234D0F2000C57DCA /* UpdateOverlay.swift */,
				379B7E45234D0F0000C57DCA /* VersionStatus.swift */,
				379B7E4B234D0F7700C57DCA /* VersionData.swift */,
			);
			path = AppVersionChecker;
			sourceTree = "<group>";
		};
		C4C195BE5F63F0BE23CD2358 /* Frameworks */ = {
			isa = PBXGroup;
			children = (
				F9DB39692407B7697622B31E /* Pods_SwiftShare.framework */,
				D7D29C57FFE9BAE92C7E6A36 /* Pods_SwiftShare_SwiftShareTests.framework */,
			);
			name = Frameworks;
			sourceTree = "<group>";
		};
/* End PBXGroup section */

/* Begin PBXHeadersBuildPhase section */
		378E3C54234C9A9000D867A7 /* Headers */ = {
			isa = PBXHeadersBuildPhase;
			buildActionMask = 2147483647;
			files = (
				378E3C6A234C9A9000D867A7 /* SwiftShare.h in Headers */,
			);
			runOnlyForDeploymentPostprocessing = 0;
		};
/* End PBXHeadersBuildPhase section */

/* Begin PBXNativeTarget section */
		378E3C58234C9A9000D867A7 /* SwiftShare */ = {
			isa = PBXNativeTarget;
			buildConfigurationList = 378E3C6D234C9A9000D867A7 /* Build configuration list for PBXNativeTarget "SwiftShare" */;
			buildPhases = (
				3D1096FF5D829329D33226E2 /* [CP] Check Pods Manifest.lock */,
				378E3C54234C9A9000D867A7 /* Headers */,
				378E3C55234C9A9000D867A7 /* Sources */,
				378E3C56234C9A9000D867A7 /* Frameworks */,
				378E3C57234C9A9000D867A7 /* Resources */,
				37943C8A25426DBA000FC71B /* ShellScript */,
			);
			buildRules = (
			);
			dependencies = (
			);
			name = SwiftShare;
			productName = SwiftShare;
			productReference = 378E3C59234C9A9000D867A7 /* SwiftShare.framework */;
			productType = "com.apple.product-type.framework";
		};
		378E3C61234C9A9000D867A7 /* SwiftShareTests */ = {
			isa = PBXNativeTarget;
			buildConfigurationList = 378E3C70234C9A9000D867A7 /* Build configuration list for PBXNativeTarget "SwiftShareTests" */;
			buildPhases = (
				5BDFB182858671995851C277 /* [CP] Check Pods Manifest.lock */,
				378E3C5E234C9A9000D867A7 /* Sources */,
				378E3C5F234C9A9000D867A7 /* Frameworks */,
				378E3C60234C9A9000D867A7 /* Resources */,
				A90E7930A0EB59D3844AE1E2 /* [CP] Embed Pods Frameworks */,
			);
			buildRules = (
			);
			dependencies = (
				378E3C65234C9A9000D867A7 /* PBXTargetDependency */,
			);
			name = SwiftShareTests;
			productName = SwiftShareTests;
			productReference = 378E3C62234C9A9000D867A7 /* SwiftShareTests.xctest */;
			productType = "com.apple.product-type.bundle.unit-test";
		};
/* End PBXNativeTarget section */

/* Begin PBXProject section */
		378E3C50234C9A9000D867A7 /* Project object */ = {
			isa = PBXProject;
			attributes = {
				LastSwiftUpdateCheck = 1110;
				LastUpgradeCheck = 1200;
				ORGANIZATIONNAME = "Dan Ilca";
				TargetAttributes = {
					378E3C58234C9A9000D867A7 = {
						CreatedOnToolsVersion = 11.1;
						LastSwiftMigration = 1110;
					};
					378E3C61234C9A9000D867A7 = {
						CreatedOnToolsVersion = 11.1;
					};
				};
			};
			buildConfigurationList = 378E3C53234C9A9000D867A7 /* Build configuration list for PBXProject "SwiftShare" */;
			compatibilityVersion = "Xcode 9.3";
			developmentRegion = en;
			hasScannedForEncodings = 0;
			knownRegions = (
				en,
				Base,
			);
			mainGroup = 378E3C4F234C9A9000D867A7;
			productRefGroup = 378E3C5A234C9A9000D867A7 /* Products */;
			projectDirPath = "";
			projectRoot = "";
			targets = (
				378E3C58234C9A9000D867A7 /* SwiftShare */,
				378E3C61234C9A9000D867A7 /* SwiftShareTests */,
			);
		};
/* End PBXProject section */

/* Begin PBXResourcesBuildPhase section */
		378E3C57234C9A9000D867A7 /* Resources */ = {
			isa = PBXResourcesBuildPhase;
			buildActionMask = 2147483647;
			files = (
				379B7E0C234CB00E00C57DCA /* README.md in Resources */,
				378E3CD4234C9FC500D867A7 /* Podfile in Resources */,
				378E3CD2234C9FBB00D867A7 /* SwiftShare.podspec in Resources */,
			);
			runOnlyForDeploymentPostprocessing = 0;
		};
		378E3C60234C9A9000D867A7 /* Resources */ = {
			isa = PBXResourcesBuildPhase;
			buildActionMask = 2147483647;
			files = (
			);
			runOnlyForDeploymentPostprocessing = 0;
		};
/* End PBXResourcesBuildPhase section */

/* Begin PBXShellScriptBuildPhase section */
		37943C8A25426DBA000FC71B /* ShellScript */ = {
			isa = PBXShellScriptBuildPhase;
			buildActionMask = 2147483647;
			files = (
			);
			inputFileListPaths = (
			);
			inputPaths = (
			);
			outputFileListPaths = (
			);
			outputPaths = (
			);
			runOnlyForDeploymentPostprocessing = 0;
			shellPath = /bin/sh;
			shellScript = "\"${PODS_ROOT}/SwiftLint/swiftlint\"\n";
		};
		3D1096FF5D829329D33226E2 /* [CP] Check Pods Manifest.lock */ = {
			isa = PBXShellScriptBuildPhase;
			buildActionMask = 2147483647;
			files = (
			);
			inputFileListPaths = (
			);
			inputPaths = (
				"${PODS_PODFILE_DIR_PATH}/Podfile.lock",
				"${PODS_ROOT}/Manifest.lock",
			);
			name = "[CP] Check Pods Manifest.lock";
			outputFileListPaths = (
			);
			outputPaths = (
				"$(DERIVED_FILE_DIR)/Pods-SwiftShare-checkManifestLockResult.txt",
			);
			runOnlyForDeploymentPostprocessing = 0;
			shellPath = /bin/sh;
			shellScript = "diff \"${PODS_PODFILE_DIR_PATH}/Podfile.lock\" \"${PODS_ROOT}/Manifest.lock\" > /dev/null\nif [ $? != 0 ] ; then\n    # print error to STDERR\n    echo \"error: The sandbox is not in sync with the Podfile.lock. Run 'pod install' or update your CocoaPods installation.\" >&2\n    exit 1\nfi\n# This output is used by Xcode 'outputs' to avoid re-running this script phase.\necho \"SUCCESS\" > \"${SCRIPT_OUTPUT_FILE_0}\"\n";
			showEnvVarsInLog = 0;
		};
		5BDFB182858671995851C277 /* [CP] Check Pods Manifest.lock */ = {
			isa = PBXShellScriptBuildPhase;
			buildActionMask = 2147483647;
			files = (
			);
			inputFileListPaths = (
			);
			inputPaths = (
				"${PODS_PODFILE_DIR_PATH}/Podfile.lock",
				"${PODS_ROOT}/Manifest.lock",
			);
			name = "[CP] Check Pods Manifest.lock";
			outputFileListPaths = (
			);
			outputPaths = (
				"$(DERIVED_FILE_DIR)/Pods-SwiftShare-SwiftShareTests-checkManifestLockResult.txt",
			);
			runOnlyForDeploymentPostprocessing = 0;
			shellPath = /bin/sh;
			shellScript = "diff \"${PODS_PODFILE_DIR_PATH}/Podfile.lock\" \"${PODS_ROOT}/Manifest.lock\" > /dev/null\nif [ $? != 0 ] ; then\n    # print error to STDERR\n    echo \"error: The sandbox is not in sync with the Podfile.lock. Run 'pod install' or update your CocoaPods installation.\" >&2\n    exit 1\nfi\n# This output is used by Xcode 'outputs' to avoid re-running this script phase.\necho \"SUCCESS\" > \"${SCRIPT_OUTPUT_FILE_0}\"\n";
			showEnvVarsInLog = 0;
		};
		A90E7930A0EB59D3844AE1E2 /* [CP] Embed Pods Frameworks */ = {
			isa = PBXShellScriptBuildPhase;
			buildActionMask = 2147483647;
			files = (
			);
			inputFileListPaths = (
				"${PODS_ROOT}/Target Support Files/Pods-SwiftShare-SwiftShareTests/Pods-SwiftShare-SwiftShareTests-frameworks-${CONFIGURATION}-input-files.xcfilelist",
			);
			name = "[CP] Embed Pods Frameworks";
			outputFileListPaths = (
				"${PODS_ROOT}/Target Support Files/Pods-SwiftShare-SwiftShareTests/Pods-SwiftShare-SwiftShareTests-frameworks-${CONFIGURATION}-output-files.xcfilelist",
			);
			runOnlyForDeploymentPostprocessing = 0;
			shellPath = /bin/sh;
			shellScript = "\"${PODS_ROOT}/Target Support Files/Pods-SwiftShare-SwiftShareTests/Pods-SwiftShare-SwiftShareTests-frameworks.sh\"\n";
			showEnvVarsInLog = 0;
		};
/* End PBXShellScriptBuildPhase section */

/* Begin PBXSourcesBuildPhase section */
		378E3C55234C9A9000D867A7 /* Sources */ = {
			isa = PBXSourcesBuildPhase;
			buildActionMask = 2147483647;
			files = (
				379B7E4A234D0F5900C57DCA /* AppVersionChecker.swift in Sources */,
				379B7E24234D062D00C57DCA /* MonthYearPickerViewController.swift in Sources */,
				379B7E3B234D0C6B00C57DCA /* UtilityToolkit.swift in Sources */,
				379B7E39234D0B0100C57DCA /* UtilityExtensions.swift in Sources */,
				379B7E3F234D0D1700C57DCA /* PostComposer.swift in Sources */,
				379B7E3D234D0C9C00C57DCA /* ScrollableInputHandler.swift in Sources */,
				379B7E0E234D00C700C57DCA /* ChangeType.swift in Sources */,
				379B7E2F234D0A1700C57DCA /* UIContentSizeCategory+.swift in Sources */,
				379B7E22234D04AD00C57DCA /* SimpleBaseViewController.swift in Sources */,
				379B7E37234D0ACC00C57DCA /* UNNotificationAttachment+.swift in Sources */,
				379B7E2D234D093300C57DCA /* SlideMenuViewController.swift in Sources */,
				379B7E14234D017B00C57DCA /* CacheBaseManager.swift in Sources */,
				379B7E4C234D0F7700C57DCA /* VersionData.swift in Sources */,
				379B7E1C234D039200C57DCA /* NetworkReachabilityAlerter.swift in Sources */,
				379B7E26234D07BA00C57DCA /* SimpleTextViewController.swift in Sources */,
				379B7E41234D0DAB00C57DCA /* SegueGoLeftToRight.swift in Sources */,
				379B7E18234D025500C57DCA /* KeychainConfiguration.swift in Sources */,
				379B7E48234D0F2000C57DCA /* UpdateOverlay.swift in Sources */,
				379B7E35234D0A9B00C57DCA /* UIView+.swift in Sources */,
				378E3CD6234CA84500D867A7 /* UtilityLogging.swift in Sources */,
				379B7E16234D01F100C57DCA /* KeychainPasswordItem.swift in Sources */,
				379B7E33234D0A7400C57DCA /* UITextField+.swift in Sources */,
				379B7E10234D00FB00C57DCA /* HTTPStatusCodes.swift in Sources */,
				378E3C74234C9BBB00D867A7 /* AppDataError.swift in Sources */,
				379B7E1F234D042800C57DCA /* UIViewController+.swift in Sources */,
				379B7E29234D084000C57DCA /* VerticallyCenteredTextView.swift in Sources */,
				379B7E1A234D036000C57DCA /* NetworkBaseManager.swift in Sources */,
				379B7E43234D0DEB00C57DCA /* UICollectionViewLeftAlignedFlowLayout.swift in Sources */,
				379B7E12234D014E00C57DCA /* Storage.swift in Sources */,
				379B7E46234D0F0000C57DCA /* VersionStatus.swift in Sources */,
				379B7E2B234D090D00C57DCA /* SimpleWebViewController.swift in Sources */,
				379B7E31234D0A4B00C57DCA /* UIImage+.swift in Sources */,
			);
			runOnlyForDeploymentPostprocessing = 0;
		};
		378E3C5E234C9A9000D867A7 /* Sources */ = {
			isa = PBXSourcesBuildPhase;
			buildActionMask = 2147483647;
			files = (
				378E3C68234C9A9000D867A7 /* SwiftShareTests.swift in Sources */,
			);
			runOnlyForDeploymentPostprocessing = 0;
		};
/* End PBXSourcesBuildPhase section */

/* Begin PBXTargetDependency section */
		378E3C65234C9A9000D867A7 /* PBXTargetDependency */ = {
			isa = PBXTargetDependency;
			target = 378E3C58234C9A9000D867A7 /* SwiftShare */;
			targetProxy = 378E3C64234C9A9000D867A7 /* PBXContainerItemProxy */;
		};
/* End PBXTargetDependency section */

/* Begin XCBuildConfiguration section */
		378E3C6B234C9A9000D867A7 /* Debug */ = {
			isa = XCBuildConfiguration;
			buildSettings = {
				ALWAYS_SEARCH_USER_PATHS = NO;
				CLANG_ANALYZER_NONNULL = YES;
				CLANG_ANALYZER_NUMBER_OBJECT_CONVERSION = YES_AGGRESSIVE;
				CLANG_CXX_LANGUAGE_STANDARD = "gnu++14";
				CLANG_CXX_LIBRARY = "libc++";
				CLANG_ENABLE_MODULES = YES;
				CLANG_ENABLE_OBJC_ARC = YES;
				CLANG_ENABLE_OBJC_WEAK = YES;
				CLANG_WARN_BLOCK_CAPTURE_AUTORELEASING = YES;
				CLANG_WARN_BOOL_CONVERSION = YES;
				CLANG_WARN_COMMA = YES;
				CLANG_WARN_CONSTANT_CONVERSION = YES;
				CLANG_WARN_DEPRECATED_OBJC_IMPLEMENTATIONS = YES;
				CLANG_WARN_DIRECT_OBJC_ISA_USAGE = YES_ERROR;
				CLANG_WARN_DOCUMENTATION_COMMENTS = YES;
				CLANG_WARN_EMPTY_BODY = YES;
				CLANG_WARN_ENUM_CONVERSION = YES;
				CLANG_WARN_INFINITE_RECURSION = YES;
				CLANG_WARN_INT_CONVERSION = YES;
				CLANG_WARN_NON_LITERAL_NULL_CONVERSION = YES;
				CLANG_WARN_OBJC_IMPLICIT_RETAIN_SELF = YES;
				CLANG_WARN_OBJC_LITERAL_CONVERSION = YES;
				CLANG_WARN_OBJC_ROOT_CLASS = YES_ERROR;
				CLANG_WARN_QUOTED_INCLUDE_IN_FRAMEWORK_HEADER = YES;
				CLANG_WARN_RANGE_LOOP_ANALYSIS = YES;
				CLANG_WARN_STRICT_PROTOTYPES = YES;
				CLANG_WARN_SUSPICIOUS_MOVE = YES;
				CLANG_WARN_UNGUARDED_AVAILABILITY = YES_AGGRESSIVE;
				CLANG_WARN_UNREACHABLE_CODE = YES;
				CLANG_WARN__DUPLICATE_METHOD_MATCH = YES;
				COPY_PHASE_STRIP = NO;
				CURRENT_PROJECT_VERSION = 1;
				DEBUG_INFORMATION_FORMAT = dwarf;
				ENABLE_STRICT_OBJC_MSGSEND = YES;
				ENABLE_TESTABILITY = YES;
				GCC_C_LANGUAGE_STANDARD = gnu11;
				GCC_DYNAMIC_NO_PIC = NO;
				GCC_NO_COMMON_BLOCKS = YES;
				GCC_OPTIMIZATION_LEVEL = 0;
				GCC_PREPROCESSOR_DEFINITIONS = (
					"DEBUG=1",
					"$(inherited)",
				);
				GCC_WARN_64_TO_32_BIT_CONVERSION = YES;
				GCC_WARN_ABOUT_RETURN_TYPE = YES_ERROR;
				GCC_WARN_UNDECLARED_SELECTOR = YES;
				GCC_WARN_UNINITIALIZED_AUTOS = YES_AGGRESSIVE;
				GCC_WARN_UNUSED_FUNCTION = YES;
				GCC_WARN_UNUSED_VARIABLE = YES;
				IPHONEOS_DEPLOYMENT_TARGET = 12.0;
				MTL_ENABLE_DEBUG_INFO = INCLUDE_SOURCE;
				MTL_FAST_MATH = YES;
				ONLY_ACTIVE_ARCH = YES;
				SDKROOT = iphoneos;
				SWIFT_ACTIVE_COMPILATION_CONDITIONS = DEBUG;
				SWIFT_OPTIMIZATION_LEVEL = "-Onone";
				VERSIONING_SYSTEM = "apple-generic";
				VERSION_INFO_PREFIX = "";
			};
			name = Debug;
		};
		378E3C6C234C9A9000D867A7 /* Release */ = {
			isa = XCBuildConfiguration;
			buildSettings = {
				ALWAYS_SEARCH_USER_PATHS = NO;
				CLANG_ANALYZER_NONNULL = YES;
				CLANG_ANALYZER_NUMBER_OBJECT_CONVERSION = YES_AGGRESSIVE;
				CLANG_CXX_LANGUAGE_STANDARD = "gnu++14";
				CLANG_CXX_LIBRARY = "libc++";
				CLANG_ENABLE_MODULES = YES;
				CLANG_ENABLE_OBJC_ARC = YES;
				CLANG_ENABLE_OBJC_WEAK = YES;
				CLANG_WARN_BLOCK_CAPTURE_AUTORELEASING = YES;
				CLANG_WARN_BOOL_CONVERSION = YES;
				CLANG_WARN_COMMA = YES;
				CLANG_WARN_CONSTANT_CONVERSION = YES;
				CLANG_WARN_DEPRECATED_OBJC_IMPLEMENTATIONS = YES;
				CLANG_WARN_DIRECT_OBJC_ISA_USAGE = YES_ERROR;
				CLANG_WARN_DOCUMENTATION_COMMENTS = YES;
				CLANG_WARN_EMPTY_BODY = YES;
				CLANG_WARN_ENUM_CONVERSION = YES;
				CLANG_WARN_INFINITE_RECURSION = YES;
				CLANG_WARN_INT_CONVERSION = YES;
				CLANG_WARN_NON_LITERAL_NULL_CONVERSION = YES;
				CLANG_WARN_OBJC_IMPLICIT_RETAIN_SELF = YES;
				CLANG_WARN_OBJC_LITERAL_CONVERSION = YES;
				CLANG_WARN_OBJC_ROOT_CLASS = YES_ERROR;
				CLANG_WARN_QUOTED_INCLUDE_IN_FRAMEWORK_HEADER = YES;
				CLANG_WARN_RANGE_LOOP_ANALYSIS = YES;
				CLANG_WARN_STRICT_PROTOTYPES = YES;
				CLANG_WARN_SUSPICIOUS_MOVE = YES;
				CLANG_WARN_UNGUARDED_AVAILABILITY = YES_AGGRESSIVE;
				CLANG_WARN_UNREACHABLE_CODE = YES;
				CLANG_WARN__DUPLICATE_METHOD_MATCH = YES;
				COPY_PHASE_STRIP = NO;
				CURRENT_PROJECT_VERSION = 1;
				DEBUG_INFORMATION_FORMAT = "dwarf-with-dsym";
				ENABLE_NS_ASSERTIONS = NO;
				ENABLE_STRICT_OBJC_MSGSEND = YES;
				GCC_C_LANGUAGE_STANDARD = gnu11;
				GCC_NO_COMMON_BLOCKS = YES;
				GCC_WARN_64_TO_32_BIT_CONVERSION = YES;
				GCC_WARN_ABOUT_RETURN_TYPE = YES_ERROR;
				GCC_WARN_UNDECLARED_SELECTOR = YES;
				GCC_WARN_UNINITIALIZED_AUTOS = YES_AGGRESSIVE;
				GCC_WARN_UNUSED_FUNCTION = YES;
				GCC_WARN_UNUSED_VARIABLE = YES;
				IPHONEOS_DEPLOYMENT_TARGET = 12.0;
				MTL_ENABLE_DEBUG_INFO = NO;
				MTL_FAST_MATH = YES;
				SDKROOT = iphoneos;
				SWIFT_COMPILATION_MODE = wholemodule;
				SWIFT_OPTIMIZATION_LEVEL = "-O";
				VALIDATE_PRODUCT = YES;
				VERSIONING_SYSTEM = "apple-generic";
				VERSION_INFO_PREFIX = "";
			};
			name = Release;
		};
		378E3C6E234C9A9000D867A7 /* Debug */ = {
			isa = XCBuildConfiguration;
			baseConfigurationReference = 55FDE00E019DFA6CC3974219 /* Pods-SwiftShare.debug.xcconfig */;
			buildSettings = {
				CLANG_ENABLE_MODULES = YES;
				CODE_SIGN_STYLE = Automatic;
				DEFINES_MODULE = YES;
				DEVELOPMENT_TEAM = 5363474DPG;
				DYLIB_COMPATIBILITY_VERSION = 1;
				DYLIB_CURRENT_VERSION = 1;
				DYLIB_INSTALL_NAME_BASE = "@rpath";
				INFOPLIST_FILE = SwiftShare/Info.plist;
				INSTALL_PATH = "$(LOCAL_LIBRARY_DIR)/Frameworks";
				IPHONEOS_DEPLOYMENT_TARGET = 12.0;
				LD_RUNPATH_SEARCH_PATHS = (
					"$(inherited)",
					"@executable_path/Frameworks",
					"@loader_path/Frameworks",
				);
				MARKETING_VERSION = 0.2.0;
				PRODUCT_BUNDLE_IDENTIFIER = com.id.SwiftShare;
				PRODUCT_NAME = "$(TARGET_NAME:c99extidentifier)";
				SKIP_INSTALL = YES;
				SWIFT_OPTIMIZATION_LEVEL = "-Onone";
				SWIFT_VERSION = 5.0;
				TARGETED_DEVICE_FAMILY = "1,2";
			};
			name = Debug;
		};
		378E3C6F234C9A9000D867A7 /* Release */ = {
			isa = XCBuildConfiguration;
			baseConfigurationReference = 98AD91BD123CA7356D7F30B7 /* Pods-SwiftShare.release.xcconfig */;
			buildSettings = {
				CLANG_ENABLE_MODULES = YES;
				CODE_SIGN_STYLE = Automatic;
				DEFINES_MODULE = YES;
				DEVELOPMENT_TEAM = 5363474DPG;
				DYLIB_COMPATIBILITY_VERSION = 1;
				DYLIB_CURRENT_VERSION = 1;
				DYLIB_INSTALL_NAME_BASE = "@rpath";
				INFOPLIST_FILE = SwiftShare/Info.plist;
				INSTALL_PATH = "$(LOCAL_LIBRARY_DIR)/Frameworks";
				IPHONEOS_DEPLOYMENT_TARGET = 12.0;
				LD_RUNPATH_SEARCH_PATHS = (
					"$(inherited)",
					"@executable_path/Frameworks",
					"@loader_path/Frameworks",
				);
				MARKETING_VERSION = 0.2.0;
				PRODUCT_BUNDLE_IDENTIFIER = com.id.SwiftShare;
				PRODUCT_NAME = "$(TARGET_NAME:c99extidentifier)";
				SKIP_INSTALL = YES;
				SWIFT_VERSION = 5.0;
				TARGETED_DEVICE_FAMILY = "1,2";
			};
			name = Release;
		};
		378E3C71234C9A9000D867A7 /* Debug */ = {
			isa = XCBuildConfiguration;
			baseConfigurationReference = 4194FBD65DDB5C3D4D46DA64 /* Pods-SwiftShare-SwiftShareTests.debug.xcconfig */;
			buildSettings = {
				ALWAYS_EMBED_SWIFT_STANDARD_LIBRARIES = "$(inherited)";
				CODE_SIGN_STYLE = Automatic;
				DEVELOPMENT_TEAM = 5363474DPG;
				INFOPLIST_FILE = SwiftShareTests/Info.plist;
				LD_RUNPATH_SEARCH_PATHS = (
					"$(inherited)",
					"@executable_path/Frameworks",
					"@loader_path/Frameworks",
				);
				PRODUCT_BUNDLE_IDENTIFIER = com.id.SwiftShareTests;
				PRODUCT_NAME = "$(TARGET_NAME)";
				SWIFT_VERSION = 5.0;
				TARGETED_DEVICE_FAMILY = "1,2";
			};
			name = Debug;
		};
		378E3C72234C9A9000D867A7 /* Release */ = {
			isa = XCBuildConfiguration;
			baseConfigurationReference = 510C6783F547C8B0B02BBFF3 /* Pods-SwiftShare-SwiftShareTests.release.xcconfig */;
			buildSettings = {
				ALWAYS_EMBED_SWIFT_STANDARD_LIBRARIES = "$(inherited)";
				CODE_SIGN_STYLE = Automatic;
				DEVELOPMENT_TEAM = 5363474DPG;
				INFOPLIST_FILE = SwiftShareTests/Info.plist;
				LD_RUNPATH_SEARCH_PATHS = (
					"$(inherited)",
					"@executable_path/Frameworks",
					"@loader_path/Frameworks",
				);
				PRODUCT_BUNDLE_IDENTIFIER = com.id.SwiftShareTests;
				PRODUCT_NAME = "$(TARGET_NAME)";
				SWIFT_VERSION = 5.0;
				TARGETED_DEVICE_FAMILY = "1,2";
			};
			name = Release;
		};
/* End XCBuildConfiguration section */

/* Begin XCConfigurationList section */
		378E3C53234C9A9000D867A7 /* Build configuration list for PBXProject "SwiftShare" */ = {
			isa = XCConfigurationList;
			buildConfigurations = (
				378E3C6B234C9A9000D867A7 /* Debug */,
				378E3C6C234C9A9000D867A7 /* Release */,
			);
			defaultConfigurationIsVisible = 0;
			defaultConfigurationName = Release;
		};
		378E3C6D234C9A9000D867A7 /* Build configuration list for PBXNativeTarget "SwiftShare" */ = {
			isa = XCConfigurationList;
			buildConfigurations = (
				378E3C6E234C9A9000D867A7 /* Debug */,
				378E3C6F234C9A9000D867A7 /* Release */,
			);
			defaultConfigurationIsVisible = 0;
			defaultConfigurationName = Release;
		};
		378E3C70234C9A9000D867A7 /* Build configuration list for PBXNativeTarget "SwiftShareTests" */ = {
			isa = XCConfigurationList;
			buildConfigurations = (
				378E3C71234C9A9000D867A7 /* Debug */,
				378E3C72234C9A9000D867A7 /* Release */,
			);
			defaultConfigurationIsVisible = 0;
			defaultConfigurationName = Release;
		};
/* End XCConfigurationList section */
	};
	rootObject = 378E3C50234C9A9000D867A7 /* Project object */;
}
