PODS:
  - Alamofire (5.4.1)
  - RxSwift (6.0.0)
  - SwiftLint (0.42.0)
  - SwiftyBeaver (1.9.3)

DEPENDENCIES:
  - Alamofire
  - RxSwift
  - SwiftLint
  - SwiftyBeaver

SPEC REPOS:
  trunk:
    - Alamofire
    - RxSwift
    - SwiftLint
    - SwiftyBeaver

SPEC CHECKSUMS:
  Alamofire: 2291f7d21ca607c491dd17642e5d40fdcda0e65c
  RxSwift: c14e798c59b9f6e9a2df8fd235602e85cc044295
  SwiftLint: 4fa9579c63416865179bc416f0a92d55f009600d
  SwiftyBeaver: 2e8acd6fc90c6d0a27055867a290794926d57c02

PODFILE CHECKSUM: 45478f1dbab43ee9274f45bf4751cf9214770835

COCOAPODS: 1.10.0
